
Microsoft Visual Studio Solution File, Format Version 12.00
# Visual Studio Version 16
VisualStudioVersion = 16.0.32106.194
MinimumVisualStudioVersion = 10.0.40219.1
Project("{8BC9CEB8-8B4A-11D0-8D11-00A0C91BC942}") = "chapter01", "chapter1\chapter1.vcxproj", "{0A7F0651-9E5A-4DE1-B4C8-11E12EA12957}"
EndProject
Project("{8BC9CEB8-8B4A-11D0-8D11-00A0C91BC942}") = "BankingSystem", "BankingSystem\BankingSystem.vcxproj", "{8F33F97A-DD84-4A2F-A0F5-D253070CC217}"
EndProject
Project("{8BC9CEB8-8B4A-11D0-8D11-00A0C91BC942}") = "chapter02", "chapter2\chapter2.vcxproj", "{F2A3771D-B2E1-4684-A9A3-7B65DCED63BB}"
EndProject
Project("{8BC9CEB8-8B4A-11D0-8D11-00A0C91BC942}") = "chapter03", "chapter3\chapter3.vcxproj", "{7D80D7CE-DFCD-4993-B119-D99F98022888}"
EndProject
Project("{8BC9CEB8-8B4A-11D0-8D11-00A0C91BC942}") = "chapter04", "chapter4\chapter4.vcxproj", "{A78E1B01-8AD7-46E3-ADCA-70808175134D}"
EndProject
Project("{8BC9CEB8-8B4A-11D0-8D11-00A0C91BC942}") = "chapter05", "chapter5\chapter5.vcxproj", "{04F13EE0-0E9C-4D58-81C2-BF57F0A3B81A}"
EndProject
Project("{8BC9CEB8-8B4A-11D0-8D11-00A0C91BC942}") = "chapter06", "chapter6\chapter6.vcxproj", "{7C175D8E-3E7D-46AB-8CBA-0E396E0DE4E3}"
EndProject
Project("{8BC9CEB8-8B4A-11D0-8D11-00A0C91BC942}") = "chapter07", "chapter7\chapter7.vcxproj", "{A235B7EA-9AD3-4A7E-82A6-6E8255C8E28F}"
EndProject
Project("{8BC9CEB8-8B4A-11D0-8D11-00A0C91BC942}") = "chapter08", "chapter8\chapter8.vcxproj", "{74F80D32-E60C-4616-BDDF-6771466CF599}"
EndProject
Project("{8BC9CEB8-8B4A-11D0-8D11-00A0C91BC942}") = "chapter09", "chapter9\chapter9.vcxproj", "{542330E4-B7B0-4616-945D-546EF86B6250}"
EndProject
Project("{8BC9CEB8-8B4A-11D0-8D11-00A0C91BC942}") = "chapter10", "chapter10\chapter10.vcxproj", "{FF1876E2-1630-4D8A-9CA3-F6752328A093}"
EndProject
Project("{8BC9CEB8-8B4A-11D0-8D11-00A0C91BC942}") = "chapter11", "chapter11\chapter11.vcxproj", "{2C8D56CE-60DA-4516-B51F-9EC9A4503BC2}"
EndProject
Project("{8BC9CEB8-8B4A-11D0-8D11-00A0C91BC942}") = "Test_Prob", "Test_Prob\Test_Prob.vcxproj", "{B7F0BB2C-D659-4AD0-AE6B-83F3146AC6E3}"
EndProject
Project("{8BC9CEB8-8B4A-11D0-8D11-00A0C91BC942}") = "chapter12", "chapter12\chapter12.vcxproj", "{97F55196-13C9-41E1-8925-31C8B55470C3}"
EndProject
Project("{8BC9CEB8-8B4A-11D0-8D11-00A0C91BC942}") = "chapter13", "chapter13\chapter13.vcxproj", "{6300DF40-570D-4EC3-8E47-2DC59E8FDC99}"
EndProject
Global
	GlobalSection(SolutionConfigurationPlatforms) = preSolution
		Debug|x64 = Debug|x64
		Debug|x86 = Debug|x86
		Release|x64 = Release|x64
		Release|x86 = Release|x86
	EndGlobalSection
	GlobalSection(ProjectConfigurationPlatforms) = postSolution
		{0A7F0651-9E5A-4DE1-B4C8-11E12EA12957}.Debug|x64.ActiveCfg = Debug|x64
		{0A7F0651-9E5A-4DE1-B4C8-11E12EA12957}.Debug|x64.Build.0 = Debug|x64
		{0A7F0651-9E5A-4DE1-B4C8-11E12EA12957}.Debug|x86.ActiveCfg = Debug|Win32
		{0A7F0651-9E5A-4DE1-B4C8-11E12EA12957}.Debug|x86.Build.0 = Debug|Win32
		{0A7F0651-9E5A-4DE1-B4C8-11E12EA12957}.Release|x64.ActiveCfg = Release|x64
		{0A7F0651-9E5A-4DE1-B4C8-11E12EA12957}.Release|x64.Build.0 = Release|x64
		{0A7F0651-9E5A-4DE1-B4C8-11E12EA12957}.Release|x86.ActiveCfg = Release|Win32
		{0A7F0651-9E5A-4DE1-B4C8-11E12EA12957}.Release|x86.Build.0 = Release|Win32
		{8F33F97A-DD84-4A2F-A0F5-D253070CC217}.Debug|x64.ActiveCfg = Debug|x64
		{8F33F97A-DD84-4A2F-A0F5-D253070CC217}.Debug|x64.Build.0 = Debug|x64
		{8F33F97A-DD84-4A2F-A0F5-D253070CC217}.Debug|x86.ActiveCfg = Debug|Win32
		{8F33F97A-DD84-4A2F-A0F5-D253070CC217}.Debug|x86.Build.0 = Debug|Win32
		{8F33F97A-DD84-4A2F-A0F5-D253070CC217}.Release|x64.ActiveCfg = Release|x64
		{8F33F97A-DD84-4A2F-A0F5-D253070CC217}.Release|x64.Build.0 = Release|x64
		{8F33F97A-DD84-4A2F-A0F5-D253070CC217}.Release|x86.ActiveCfg = Release|Win32
		{8F33F97A-DD84-4A2F-A0F5-D253070CC217}.Release|x86.Build.0 = Release|Win32
		{F2A3771D-B2E1-4684-A9A3-7B65DCED63BB}.Debug|x64.ActiveCfg = Debug|x64
		{F2A3771D-B2E1-4684-A9A3-7B65DCED63BB}.Debug|x64.Build.0 = Debug|x64
		{F2A3771D-B2E1-4684-A9A3-7B65DCED63BB}.Debug|x86.ActiveCfg = Debug|Win32
		{F2A3771D-B2E1-4684-A9A3-7B65DCED63BB}.Debug|x86.Build.0 = Debug|Win32
		{F2A3771D-B2E1-4684-A9A3-7B65DCED63BB}.Release|x64.ActiveCfg = Release|x64
		{F2A3771D-B2E1-4684-A9A3-7B65DCED63BB}.Release|x64.Build.0 = Release|x64
		{F2A3771D-B2E1-4684-A9A3-7B65DCED63BB}.Release|x86.ActiveCfg = Release|Win32
		{F2A3771D-B2E1-4684-A9A3-7B65DCED63BB}.Release|x86.Build.0 = Release|Win32
		{7D80D7CE-DFCD-4993-B119-D99F98022888}.Debug|x64.ActiveCfg = Debug|x64
		{7D80D7CE-DFCD-4993-B119-D99F98022888}.Debug|x64.Build.0 = Debug|x64
		{7D80D7CE-DFCD-4993-B119-D99F98022888}.Debug|x86.ActiveCfg = Debug|Win32
		{7D80D7CE-DFCD-4993-B119-D99F98022888}.Debug|x86.Build.0 = Debug|Win32
		{7D80D7CE-DFCD-4993-B119-D99F98022888}.Release|x64.ActiveCfg = Release|x64
		{7D80D7CE-DFCD-4993-B119-D99F98022888}.Release|x64.Build.0 = Release|x64
		{7D80D7CE-DFCD-4993-B119-D99F98022888}.Release|x86.ActiveCfg = Release|Win32
		{7D80D7CE-DFCD-4993-B119-D99F98022888}.Release|x86.Build.0 = Release|Win32
		{A78E1B01-8AD7-46E3-ADCA-70808175134D}.Debug|x64.ActiveCfg = Debug|x64
		{A78E1B01-8AD7-46E3-ADCA-70808175134D}.Debug|x64.Build.0 = Debug|x64
		{A78E1B01-8AD7-46E3-ADCA-70808175134D}.Debug|x86.ActiveCfg = Debug|Win32
		{A78E1B01-8AD7-46E3-ADCA-70808175134D}.Debug|x86.Build.0 = Debug|Win32
		{A78E1B01-8AD7-46E3-ADCA-70808175134D}.Release|x64.ActiveCfg = Release|x64
		{A78E1B01-8AD7-46E3-ADCA-70808175134D}.Release|x64.Build.0 = Release|x64
		{A78E1B01-8AD7-46E3-ADCA-70808175134D}.Release|x86.ActiveCfg = Release|Win32
		{A78E1B01-8AD7-46E3-ADCA-70808175134D}.Release|x86.Build.0 = Release|Win32
		{04F13EE0-0E9C-4D58-81C2-BF57F0A3B81A}.Debug|x64.ActiveCfg = Debug|x64
		{04F13EE0-0E9C-4D58-81C2-BF57F0A3B81A}.Debug|x64.Build.0 = Debug|x64
		{04F13EE0-0E9C-4D58-81C2-BF57F0A3B81A}.Debug|x86.ActiveCfg = Debug|Win32
		{04F13EE0-0E9C-4D58-81C2-BF57F0A3B81A}.Debug|x86.Build.0 = Debug|Win32
		{04F13EE0-0E9C-4D58-81C2-BF57F0A3B81A}.Release|x64.ActiveCfg = Release|x64
		{04F13EE0-0E9C-4D58-81C2-BF57F0A3B81A}.Release|x64.Build.0 = Release|x64
		{04F13EE0-0E9C-4D58-81C2-BF57F0A3B81A}.Release|x86.ActiveCfg = Release|Win32
		{04F13EE0-0E9C-4D58-81C2-BF57F0A3B81A}.Release|x86.Build.0 = Release|Win32
		{7C175D8E-3E7D-46AB-8CBA-0E396E0DE4E3}.Debug|x64.ActiveCfg = Debug|x64
		{7C175D8E-3E7D-46AB-8CBA-0E396E0DE4E3}.Debug|x64.Build.0 = Debug|x64
		{7C175D8E-3E7D-46AB-8CBA-0E396E0DE4E3}.Debug|x86.ActiveCfg = Debug|Win32
		{7C175D8E-3E7D-46AB-8CBA-0E396E0DE4E3}.Debug|x86.Build.0 = Debug|Win32
		{7C175D8E-3E7D-46AB-8CBA-0E396E0DE4E3}.Release|x64.ActiveCfg = Release|x64
		{7C175D8E-3E7D-46AB-8CBA-0E396E0DE4E3}.Release|x64.Build.0 = Release|x64
		{7C175D8E-3E7D-46AB-8CBA-0E396E0DE4E3}.Release|x86.ActiveCfg = Release|Win32
		{7C175D8E-3E7D-46AB-8CBA-0E396E0DE4E3}.Release|x86.Build.0 = Release|Win32
		{A235B7EA-9AD3-4A7E-82A6-6E8255C8E28F}.Debug|x64.ActiveCfg = Debug|x64
		{A235B7EA-9AD3-4A7E-82A6-6E8255C8E28F}.Debug|x64.Build.0 = Debug|x64
		{A235B7EA-9AD3-4A7E-82A6-6E8255C8E28F}.Debug|x86.ActiveCfg = Debug|Win32
		{A235B7EA-9AD3-4A7E-82A6-6E8255C8E28F}.Debug|x86.Build.0 = Debug|Win32
		{A235B7EA-9AD3-4A7E-82A6-6E8255C8E28F}.Release|x64.ActiveCfg = Release|x64
		{A235B7EA-9AD3-4A7E-82A6-6E8255C8E28F}.Release|x64.Build.0 = Release|x64
		{A235B7EA-9AD3-4A7E-82A6-6E8255C8E28F}.Release|x86.ActiveCfg = Release|Win32
		{A235B7EA-9AD3-4A7E-82A6-6E8255C8E28F}.Release|x86.Build.0 = Release|Win32
		{74F80D32-E60C-4616-BDDF-6771466CF599}.Debug|x64.ActiveCfg = Debug|x64
		{74F80D32-E60C-4616-BDDF-6771466CF599}.Debug|x64.Build.0 = Debug|x64
		{74F80D32-E60C-4616-BDDF-6771466CF599}.Debug|x86.ActiveCfg = Debug|Win32
		{74F80D32-E60C-4616-BDDF-6771466CF599}.Debug|x86.Build.0 = Debug|Win32
		{74F80D32-E60C-4616-BDDF-6771466CF599}.Release|x64.ActiveCfg = Release|x64
		{74F80D32-E60C-4616-BDDF-6771466CF599}.Release|x64.Build.0 = Release|x64
		{74F80D32-E60C-4616-BDDF-6771466CF599}.Release|x86.ActiveCfg = Release|Win32
		{74F80D32-E60C-4616-BDDF-6771466CF599}.Release|x86.Build.0 = Release|Win32
		{542330E4-B7B0-4616-945D-546EF86B6250}.Debug|x64.ActiveCfg = Debug|x64
		{542330E4-B7B0-4616-945D-546EF86B6250}.Debug|x64.Build.0 = Debug|x64
		{542330E4-B7B0-4616-945D-546EF86B6250}.Debug|x86.ActiveCfg = Debug|Win32
		{542330E4-B7B0-4616-945D-546EF86B6250}.Debug|x86.Build.0 = Debug|Win32
		{542330E4-B7B0-4616-945D-546EF86B6250}.Release|x64.ActiveCfg = Release|x64
		{542330E4-B7B0-4616-945D-546EF86B6250}.Release|x64.Build.0 = Release|x64
		{542330E4-B7B0-4616-945D-546EF86B6250}.Release|x86.ActiveCfg = Release|Win32
		{542330E4-B7B0-4616-945D-546EF86B6250}.Release|x86.Build.0 = Release|Win32
		{FF1876E2-1630-4D8A-9CA3-F6752328A093}.Debug|x64.ActiveCfg = Debug|x64
		{FF1876E2-1630-4D8A-9CA3-F6752328A093}.Debug|x64.Build.0 = Debug|x64
		{FF1876E2-1630-4D8A-9CA3-F6752328A093}.Debug|x86.ActiveCfg = Debug|Win32
		{FF1876E2-1630-4D8A-9CA3-F6752328A093}.Debug|x86.Build.0 = Debug|Win32
		{FF1876E2-1630-4D8A-9CA3-F6752328A093}.Release|x64.ActiveCfg = Release|x64
		{FF1876E2-1630-4D8A-9CA3-F6752328A093}.Release|x64.Build.0 = Release|x64
		{FF1876E2-1630-4D8A-9CA3-F6752328A093}.Release|x86.ActiveCfg = Release|Win32
		{FF1876E2-1630-4D8A-9CA3-F6752328A093}.Release|x86.Build.0 = Release|Win32
		{2C8D56CE-60DA-4516-B51F-9EC9A4503BC2}.Debug|x64.ActiveCfg = Debug|x64
		{2C8D56CE-60DA-4516-B51F-9EC9A4503BC2}.Debug|x64.Build.0 = Debug|x64
		{2C8D56CE-60DA-4516-B51F-9EC9A4503BC2}.Debug|x86.ActiveCfg = Debug|Win32
		{2C8D56CE-60DA-4516-B51F-9EC9A4503BC2}.Debug|x86.Build.0 = Debug|Win32
		{2C8D56CE-60DA-4516-B51F-9EC9A4503BC2}.Release|x64.ActiveCfg = Release|x64
		{2C8D56CE-60DA-4516-B51F-9EC9A4503BC2}.Release|x64.Build.0 = Release|x64
		{2C8D56CE-60DA-4516-B51F-9EC9A4503BC2}.Release|x86.ActiveCfg = Release|Win32
		{2C8D56CE-60DA-4516-B51F-9EC9A4503BC2}.Release|x86.Build.0 = Release|Win32
		{B7F0BB2C-D659-4AD0-AE6B-83F3146AC6E3}.Debug|x64.ActiveCfg = Debug|x64
		{B7F0BB2C-D659-4AD0-AE6B-83F3146AC6E3}.Debug|x64.Build.0 = Debug|x64
		{B7F0BB2C-D659-4AD0-AE6B-83F3146AC6E3}.Debug|x86.ActiveCfg = Debug|Win32
		{B7F0BB2C-D659-4AD0-AE6B-83F3146AC6E3}.Debug|x86.Build.0 = Debug|Win32
		{B7F0BB2C-D659-4AD0-AE6B-83F3146AC6E3}.Release|x64.ActiveCfg = Release|x64
		{B7F0BB2C-D659-4AD0-AE6B-83F3146AC6E3}.Release|x64.Build.0 = Release|x64
		{B7F0BB2C-D659-4AD0-AE6B-83F3146AC6E3}.Release|x86.ActiveCfg = Release|Win32
		{B7F0BB2C-D659-4AD0-AE6B-83F3146AC6E3}.Release|x86.Build.0 = Release|Win32
		{97F55196-13C9-41E1-8925-31C8B55470C3}.Debug|x64.ActiveCfg = Debug|x64
		{97F55196-13C9-41E1-8925-31C8B55470C3}.Debug|x64.Build.0 = Debug|x64
		{97F55196-13C9-41E1-8925-31C8B55470C3}.Debug|x86.ActiveCfg = Debug|Win32
		{97F55196-13C9-41E1-8925-31C8B55470C3}.Debug|x86.Build.0 = Debug|Win32
		{97F55196-13C9-41E1-8925-31C8B55470C3}.Release|x64.ActiveCfg = Release|x64
		{97F55196-13C9-41E1-8925-31C8B55470C3}.Release|x64.Build.0 = Release|x64
		{97F55196-13C9-41E1-8925-31C8B55470C3}.Release|x86.ActiveCfg = Release|Win32
		{97F55196-13C9-41E1-8925-31C8B55470C3}.Release|x86.Build.0 = Release|Win32
		{6300DF40-570D-4EC3-8E47-2DC59E8FDC99}.Debug|x64.ActiveCfg = Debug|x64
		{6300DF40-570D-4EC3-8E47-2DC59E8FDC99}.Debug|x64.Build.0 = Debug|x64
		{6300DF40-570D-4EC3-8E47-2DC59E8FDC99}.Debug|x86.ActiveCfg = Debug|Win32
		{6300DF40-570D-4EC3-8E47-2DC59E8FDC99}.Debug|x86.Build.0 = Debug|Win32
		{6300DF40-570D-4EC3-8E47-2DC59E8FDC99}.Release|x64.ActiveCfg = Release|x64
		{6300DF40-570D-4EC3-8E47-2DC59E8FDC99}.Release|x64.Build.0 = Release|x64
		{6300DF40-570D-4EC3-8E47-2DC59E8FDC99}.Release|x86.ActiveCfg = Release|Win32
		{6300DF40-570D-4EC3-8E47-2DC59E8FDC99}.Release|x86.Build.0 = Release|Win32
	EndGlobalSection
	GlobalSection(SolutionProperties) = preSolution
		HideSolutionNode = FALSE
	EndGlobalSection
	GlobalSection(ExtensibilityGlobals) = postSolution
		SolutionGuid = {8079B77D-DAAE-41B9-9E1B-7ECE2E9D4F89}
	EndGlobalSection
EndGlobal
